
Microsoft Visual Studio Solution File, Format Version 12.00
# Visual Studio Version 17
VisualStudioVersion = 17.5.33502.453
MinimumVisualStudioVersion = 10.0.40219.1
Project("{F184B08F-C81C-45F6-A57F-5ABD9991F28F}") = "TranslaTale", "TranslaTale\TranslaTale.vbproj", "{93ACB8ED-B285-432B-BF75-D78091D88D07}"
	ProjectSection(ProjectDependencies) = postProject
		{1A02A6EB-A1D7-41FD-838D-A168DB53D818} = {1A02A6EB-A1D7-41FD-838D-A168DB53D818}
	EndProjectSection
EndProject
Project("{F184B08F-C81C-45F6-A57F-5ABD9991F28F}") = "TTgroupControl", "TTgroupControl\TTgroupControl.vbproj", "{1A02A6EB-A1D7-41FD-838D-A168DB53D818}"
EndProject
Project("{FAE04EC0-301F-11D3-BF4B-00C04F79EFBC}") = "WinPack", "..\UndertaleTools\WinPack\WinPack\WinPack.csproj", "{D93F0BC3-593E-4B16-9C75-883DA4D66542}"
EndProject
Project("{FAE04EC0-301F-11D3-BF4B-00C04F79EFBC}") = "WinExtract", "..\UndertaleTools\WinExtract\WinExtract\WinExtract.csproj", "{569D8DBC-847A-4E15-987A-79D9A8AB58E2}"
EndProject
Project("{FAE04EC0-301F-11D3-BF4B-00C04F79EFBC}") = "TXTRCut", "..\UndertaleTools\TXTRCut\TXTRCut.csproj", "{3F60250E-E053-4AA9-845F-9485743D26AC}"
EndProject
Project("{FAE04EC0-301F-11D3-BF4B-00C04F79EFBC}") = "GameMakerStringsEditor", "..\UndertaleTools\GameMakerStringsEditor\GameMakerStringsEditor\GameMakerStringsEditor.csproj", "{B90FF7A8-651C-4BB5-8E5A-F5505B91358C}"
EndProject
Global
	GlobalSection(SolutionConfigurationPlatforms) = preSolution
		Debug|Any CPU = Debug|Any CPU
		Debug|Mixed Platforms = Debug|Mixed Platforms
		Debug|x86 = Debug|x86
		Release|Any CPU = Release|Any CPU
		Release|Mixed Platforms = Release|Mixed Platforms
		Release|x86 = Release|x86
	EndGlobalSection
	GlobalSection(ProjectConfigurationPlatforms) = postSolution
		{93ACB8ED-B285-432B-BF75-D78091D88D07}.Debug|Any CPU.ActiveCfg = Debug|x86
		{93ACB8ED-B285-432B-BF75-D78091D88D07}.Debug|Mixed Platforms.ActiveCfg = Debug|x86
		{93ACB8ED-B285-432B-BF75-D78091D88D07}.Debug|Mixed Platforms.Build.0 = Debug|x86
		{93ACB8ED-B285-432B-BF75-D78091D88D07}.Debug|x86.ActiveCfg = Debug|x86
		{93ACB8ED-B285-432B-BF75-D78091D88D07}.Debug|x86.Build.0 = Debug|x86
		{93ACB8ED-B285-432B-BF75-D78091D88D07}.Release|Any CPU.ActiveCfg = Release|x86
		{93ACB8ED-B285-432B-BF75-D78091D88D07}.Release|Mixed Platforms.ActiveCfg = Release|x86
		{93ACB8ED-B285-432B-BF75-D78091D88D07}.Release|Mixed Platforms.Build.0 = Release|x86
		{93ACB8ED-B285-432B-BF75-D78091D88D07}.Release|x86.ActiveCfg = Release|x86
		{93ACB8ED-B285-432B-BF75-D78091D88D07}.Release|x86.Build.0 = Release|x86
		{1A02A6EB-A1D7-41FD-838D-A168DB53D818}.Debug|Any CPU.ActiveCfg = Debug|Any CPU
		{1A02A6EB-A1D7-41FD-838D-A168DB53D818}.Debug|Any CPU.Build.0 = Debug|Any CPU
		{1A02A6EB-A1D7-41FD-838D-A168DB53D818}.Debug|Mixed Platforms.ActiveCfg = Debug|Any CPU
		{1A02A6EB-A1D7-41FD-838D-A168DB53D818}.Debug|Mixed Platforms.Build.0 = Debug|Any CPU
		{1A02A6EB-A1D7-41FD-838D-A168DB53D818}.Debug|x86.ActiveCfg = Debug|Any CPU
		{1A02A6EB-A1D7-41FD-838D-A168DB53D818}.Release|Any CPU.ActiveCfg = Release|Any CPU
		{1A02A6EB-A1D7-41FD-838D-A168DB53D818}.Release|Any CPU.Build.0 = Release|Any CPU
		{1A02A6EB-A1D7-41FD-838D-A168DB53D818}.Release|Mixed Platforms.ActiveCfg = Release|Any CPU
		{1A02A6EB-A1D7-41FD-838D-A168DB53D818}.Release|Mixed Platforms.Build.0 = Release|Any CPU
		{1A02A6EB-A1D7-41FD-838D-A168DB53D818}.Release|x86.ActiveCfg = Release|Any CPU
		{1A02A6EB-A1D7-41FD-838D-A168DB53D818}.Release|x86.Build.0 = Release|Any CPU
		{D93F0BC3-593E-4B16-9C75-883DA4D66542}.Debug|Any CPU.ActiveCfg = Debug|Any CPU
		{D93F0BC3-593E-4B16-9C75-883DA4D66542}.Debug|Any CPU.Build.0 = Debug|Any CPU
		{D93F0BC3-593E-4B16-9C75-883DA4D66542}.Debug|Mixed Platforms.ActiveCfg = Debug|Any CPU
		{D93F0BC3-593E-4B16-9C75-883DA4D66542}.Debug|Mixed Platforms.Build.0 = Debug|Any CPU
		{D93F0BC3-593E-4B16-9C75-883DA4D66542}.Debug|x86.ActiveCfg = Debug|Any CPU
		{D93F0BC3-593E-4B16-9C75-883DA4D66542}.Debug|x86.Build.0 = Debug|Any CPU
		{D93F0BC3-593E-4B16-9C75-883DA4D66542}.Release|Any CPU.ActiveCfg = Release|Any CPU
		{D93F0BC3-593E-4B16-9C75-883DA4D66542}.Release|Any CPU.Build.0 = Release|Any CPU
		{D93F0BC3-593E-4B16-9C75-883DA4D66542}.Release|Mixed Platforms.ActiveCfg = Release|Any CPU
		{D93F0BC3-593E-4B16-9C75-883DA4D66542}.Release|Mixed Platforms.Build.0 = Release|Any CPU
		{D93F0BC3-593E-4B16-9C75-883DA4D66542}.Release|x86.ActiveCfg = Release|Any CPU
		{D93F0BC3-593E-4B16-9C75-883DA4D66542}.Release|x86.Build.0 = Release|Any CPU
		{569D8DBC-847A-4E15-987A-79D9A8AB58E2}.Debug|Any CPU.ActiveCfg = Debug|Any CPU
		{569D8DBC-847A-4E15-987A-79D9A8AB58E2}.Debug|Any CPU.Build.0 = Debug|Any CPU
		{569D8DBC-847A-4E15-987A-79D9A8AB58E2}.Debug|Mixed Platforms.ActiveCfg = Debug|Any CPU
		{569D8DBC-847A-4E15-987A-79D9A8AB58E2}.Debug|Mixed Platforms.Build.0 = Debug|Any CPU
		{569D8DBC-847A-4E15-987A-79D9A8AB58E2}.Debug|x86.ActiveCfg = Debug|Any CPU
		{569D8DBC-847A-4E15-987A-79D9A8AB58E2}.Debug|x86.Build.0 = Debug|Any CPU
		{569D8DBC-847A-4E15-987A-79D9A8AB58E2}.Release|Any CPU.ActiveCfg = Release|Any CPU
		{569D8DBC-847A-4E15-987A-79D9A8AB58E2}.Release|Any CPU.Build.0 = Release|Any CPU
		{569D8DBC-847A-4E15-987A-79D9A8AB58E2}.Release|Mixed Platforms.ActiveCfg = Release|Any CPU
		{569D8DBC-847A-4E15-987A-79D9A8AB58E2}.Release|Mixed Platforms.Build.0 = Release|Any CPU
		{569D8DBC-847A-4E15-987A-79D9A8AB58E2}.Release|x86.ActiveCfg = Release|Any CPU
		{569D8DBC-847A-4E15-987A-79D9A8AB58E2}.Release|x86.Build.0 = Release|Any CPU
		{3F60250E-E053-4AA9-845F-9485743D26AC}.Debug|Any CPU.ActiveCfg = Debug|Any CPU
		{3F60250E-E053-4AA9-845F-9485743D26AC}.Debug|Any CPU.Build.0 = Debug|Any CPU
		{3F60250E-E053-4AA9-845F-9485743D26AC}.Debug|Mixed Platforms.ActiveCfg = Debug|Any CPU
		{3F60250E-E053-4AA9-845F-9485743D26AC}.Debug|Mixed Platforms.Build.0 = Debug|Any CPU
		{3F60250E-E053-4AA9-845F-9485743D26AC}.Debug|x86.ActiveCfg = Debug|Any CPU
		{3F60250E-E053-4AA9-845F-9485743D26AC}.Debug|x86.Build.0 = Debug|Any CPU
		{3F60250E-E053-4AA9-845F-9485743D26AC}.Release|Any CPU.ActiveCfg = Release|Any CPU
		{3F60250E-E053-4AA9-845F-9485743D26AC}.Release|Any CPU.Build.0 = Release|Any CPU
		{3F60250E-E053-4AA9-845F-9485743D26AC}.Release|Mixed Platforms.ActiveCfg = Release|Any CPU
		{3F60250E-E053-4AA9-845F-9485743D26AC}.Release|Mixed Platforms.Build.0 = Release|Any CPU
		{3F60250E-E053-4AA9-845F-9485743D26AC}.Release|x86.ActiveCfg = Release|Any CPU
		{3F60250E-E053-4AA9-845F-9485743D26AC}.Release|x86.Build.0 = Release|Any CPU
		{B90FF7A8-651C-4BB5-8E5A-F5505B91358C}.Debug|Any CPU.ActiveCfg = Debug|Any CPU
		{B90FF7A8-651C-4BB5-8E5A-F5505B91358C}.Debug|Any CPU.Build.0 = Debug|Any CPU
		{B90FF7A8-651C-4BB5-8E5A-F5505B91358C}.Debug|Mixed Platforms.ActiveCfg = Debug|Any CPU
		{B90FF7A8-651C-4BB5-8E5A-F5505B91358C}.Debug|Mixed Platforms.Build.0 = Debug|Any CPU
		{B90FF7A8-651C-4BB5-8E5A-F5505B91358C}.Debug|x86.ActiveCfg = Debug|Any CPU
		{B90FF7A8-651C-4BB5-8E5A-F5505B91358C}.Debug|x86.Build.0 = Debug|Any CPU
		{B90FF7A8-651C-4BB5-8E5A-F5505B91358C}.Release|Any CPU.ActiveCfg = Release|Any CPU
		{B90FF7A8-651C-4BB5-8E5A-F5505B91358C}.Release|Any CPU.Build.0 = Release|Any CPU
		{B90FF7A8-651C-4BB5-8E5A-F5505B91358C}.Release|Mixed Platforms.ActiveCfg = Release|Any CPU
		{B90FF7A8-651C-4BB5-8E5A-F5505B91358C}.Release|Mixed Platforms.Build.0 = Release|Any CPU
		{B90FF7A8-651C-4BB5-8E5A-F5505B91358C}.Release|x86.ActiveCfg = Release|Any CPU
		{B90FF7A8-651C-4BB5-8E5A-F5505B91358C}.Release|x86.Build.0 = Release|Any CPU
	EndGlobalSection
	GlobalSection(SolutionProperties) = preSolution
		HideSolutionNode = FALSE
	EndGlobalSection
	GlobalSection(ExtensibilityGlobals) = postSolution
		SolutionGuid = {B50410F4-58AD-4A87-8344-C31A83978673}
	EndGlobalSection
EndGlobal
